
Microsoft Visual Studio Solution File, Format Version 12.00
# Visual Studio Version 17
VisualStudioVersion = 17.0.31903.59
MinimumVisualStudioVersion = 10.0.40219.1
Project("{FAE04EC0-301F-11D3-BF4B-00C04F79EFBC}") = "ArrayExercises", "ArrayExercises\ArrayExercises.csproj", "{2CE60A88-065B-4C37-B175-F3DE84AA9081}"
EndProject
Project("{FAE04EC0-301F-11D3-BF4B-00C04F79EFBC}") = "HashMapExercises", "HashMapExercises\HashMapExercises.csproj", "{F7994D4E-7509-4A35-BDAA-F3D8D2D5BBC0}"
EndProject
Project("{FAE04EC0-301F-11D3-BF4B-00C04F79EFBC}") = "HashSetExercises", "HashSetExercises\HashSetExercises.csproj", "{A40F0D70-0221-486F-B95B-D3929B2199A0}"
EndProject
Project("{FAE04EC0-301F-11D3-BF4B-00C04F79EFBC}") = "ListExercises", "ListExercises\ListExercises.csproj", "{B9BC5679-90BA-4937-A5BD-CA49D4F06DB9}"
EndProject
Project("{FAE04EC0-301F-11D3-BF4B-00C04F79EFBC}") = "QueueExercises", "QueueExercises\QueueExercises.csproj", "{E5710608-63A5-479E-8E2C-D719F447D7AB}"
EndProject
Project("{FAE04EC0-301F-11D3-BF4B-00C04F79EFBC}") = "StackExercises", "StackExercises\StackExercises.csproj", "{3A9DE9ED-8A29-499B-8C6B-22A5B9911B26}"
EndProject
Project("{FAE04EC0-301F-11D3-BF4B-00C04F79EFBC}") = "TreeExercises", "TreeExercises\TreeExercises.csproj", "{63CD3CD9-7C61-48E0-A344-ADA0AB3234FF}"
EndProject
Project("{FAE04EC0-301F-11D3-BF4B-00C04F79EFBC}") = "DictionaryExercises", "DictionaryExercises\DictionaryExercises.csproj", "{807B09C5-5F3D-480F-B042-673F88F32D78}"
EndProject
Project("{FAE04EC0-301F-11D3-BF4B-00C04F79EFBC}") = "LinkedListExercises", "LinkedListExercises\LinkedListExercises.csproj", "{6ECC0244-22FC-4FF1-8A06-6BBCCB3F4C71}"
EndProject
Project("{FAE04EC0-301F-11D3-BF4B-00C04F79EFBC}") = "SortedListExercises", "SortedListExercises\SortedListExercises.csproj", "{00C04290-5F69-4CA5-80B4-BDDEE88D22CB}"
EndProject
Global
	GlobalSection(SolutionConfigurationPlatforms) = preSolution
		Debug|Any CPU = Debug|Any CPU
		Debug|x64 = Debug|x64
		Debug|x86 = Debug|x86
		Release|Any CPU = Release|Any CPU
		Release|x64 = Release|x64
		Release|x86 = Release|x86
	EndGlobalSection
	GlobalSection(ProjectConfigurationPlatforms) = postSolution
		{2CE60A88-065B-4C37-B175-F3DE84AA9081}.Debug|Any CPU.ActiveCfg = Debug|Any CPU
		{2CE60A88-065B-4C37-B175-F3DE84AA9081}.Debug|Any CPU.Build.0 = Debug|Any CPU
		{2CE60A88-065B-4C37-B175-F3DE84AA9081}.Debug|x64.ActiveCfg = Debug|Any CPU
		{2CE60A88-065B-4C37-B175-F3DE84AA9081}.Debug|x64.Build.0 = Debug|Any CPU
		{2CE60A88-065B-4C37-B175-F3DE84AA9081}.Debug|x86.ActiveCfg = Debug|Any CPU
		{2CE60A88-065B-4C37-B175-F3DE84AA9081}.Debug|x86.Build.0 = Debug|Any CPU
		{2CE60A88-065B-4C37-B175-F3DE84AA9081}.Release|Any CPU.ActiveCfg = Release|Any CPU
		{2CE60A88-065B-4C37-B175-F3DE84AA9081}.Release|Any CPU.Build.0 = Release|Any CPU
		{2CE60A88-065B-4C37-B175-F3DE84AA9081}.Release|x64.ActiveCfg = Release|Any CPU
		{2CE60A88-065B-4C37-B175-F3DE84AA9081}.Release|x64.Build.0 = Release|Any CPU
		{2CE60A88-065B-4C37-B175-F3DE84AA9081}.Release|x86.ActiveCfg = Release|Any CPU
		{2CE60A88-065B-4C37-B175-F3DE84AA9081}.Release|x86.Build.0 = Release|Any CPU
		{F7994D4E-7509-4A35-BDAA-F3D8D2D5BBC0}.Debug|Any CPU.ActiveCfg = Debug|Any CPU
		{F7994D4E-7509-4A35-BDAA-F3D8D2D5BBC0}.Debug|Any CPU.Build.0 = Debug|Any CPU
		{F7994D4E-7509-4A35-BDAA-F3D8D2D5BBC0}.Debug|x64.ActiveCfg = Debug|Any CPU
		{F7994D4E-7509-4A35-BDAA-F3D8D2D5BBC0}.Debug|x64.Build.0 = Debug|Any CPU
		{F7994D4E-7509-4A35-BDAA-F3D8D2D5BBC0}.Debug|x86.ActiveCfg = Debug|Any CPU
		{F7994D4E-7509-4A35-BDAA-F3D8D2D5BBC0}.Debug|x86.Build.0 = Debug|Any CPU
		{F7994D4E-7509-4A35-BDAA-F3D8D2D5BBC0}.Release|Any CPU.ActiveCfg = Release|Any CPU
		{F7994D4E-7509-4A35-BDAA-F3D8D2D5BBC0}.Release|Any CPU.Build.0 = Release|Any CPU
		{F7994D4E-7509-4A35-BDAA-F3D8D2D5BBC0}.Release|x64.ActiveCfg = Release|Any CPU
		{F7994D4E-7509-4A35-BDAA-F3D8D2D5BBC0}.Release|x64.Build.0 = Release|Any CPU
		{F7994D4E-7509-4A35-BDAA-F3D8D2D5BBC0}.Release|x86.ActiveCfg = Release|Any CPU
		{F7994D4E-7509-4A35-BDAA-F3D8D2D5BBC0}.Release|x86.Build.0 = Release|Any CPU
		{A40F0D70-0221-486F-B95B-D3929B2199A0}.Debug|Any CPU.ActiveCfg = Debug|Any CPU
		{A40F0D70-0221-486F-B95B-D3929B2199A0}.Debug|Any CPU.Build.0 = Debug|Any CPU
		{A40F0D70-0221-486F-B95B-D3929B2199A0}.Debug|x64.ActiveCfg = Debug|Any CPU
		{A40F0D70-0221-486F-B95B-D3929B2199A0}.Debug|x64.Build.0 = Debug|Any CPU
		{A40F0D70-0221-486F-B95B-D3929B2199A0}.Debug|x86.ActiveCfg = Debug|Any CPU
		{A40F0D70-0221-486F-B95B-D3929B2199A0}.Debug|x86.Build.0 = Debug|Any CPU
		{A40F0D70-0221-486F-B95B-D3929B2199A0}.Release|Any CPU.ActiveCfg = Release|Any CPU
		{A40F0D70-0221-486F-B95B-D3929B2199A0}.Release|Any CPU.Build.0 = Release|Any CPU
		{A40F0D70-0221-486F-B95B-D3929B2199A0}.Release|x64.ActiveCfg = Release|Any CPU
		{A40F0D70-0221-486F-B95B-D3929B2199A0}.Release|x64.Build.0 = Release|Any CPU
		{A40F0D70-0221-486F-B95B-D3929B2199A0}.Release|x86.ActiveCfg = Release|Any CPU
		{A40F0D70-0221-486F-B95B-D3929B2199A0}.Release|x86.Build.0 = Release|Any CPU
		{B9BC5679-90BA-4937-A5BD-CA49D4F06DB9}.Debug|Any CPU.ActiveCfg = Debug|Any CPU
		{B9BC5679-90BA-4937-A5BD-CA49D4F06DB9}.Debug|Any CPU.Build.0 = Debug|Any CPU
		{B9BC5679-90BA-4937-A5BD-CA49D4F06DB9}.Debug|x64.ActiveCfg = Debug|Any CPU
		{B9BC5679-90BA-4937-A5BD-CA49D4F06DB9}.Debug|x64.Build.0 = Debug|Any CPU
		{B9BC5679-90BA-4937-A5BD-CA49D4F06DB9}.Debug|x86.ActiveCfg = Debug|Any CPU
		{B9BC5679-90BA-4937-A5BD-CA49D4F06DB9}.Debug|x86.Build.0 = Debug|Any CPU
		{B9BC5679-90BA-4937-A5BD-CA49D4F06DB9}.Release|Any CPU.ActiveCfg = Release|Any CPU
		{B9BC5679-90BA-4937-A5BD-CA49D4F06DB9}.Release|Any CPU.Build.0 = Release|Any CPU
		{B9BC5679-90BA-4937-A5BD-CA49D4F06DB9}.Release|x64.ActiveCfg = Release|Any CPU
		{B9BC5679-90BA-4937-A5BD-CA49D4F06DB9}.Release|x64.Build.0 = Release|Any CPU
		{B9BC5679-90BA-4937-A5BD-CA49D4F06DB9}.Release|x86.ActiveCfg = Release|Any CPU
		{B9BC5679-90BA-4937-A5BD-CA49D4F06DB9}.Release|x86.Build.0 = Release|Any CPU
		{E5710608-63A5-479E-8E2C-D719F447D7AB}.Debug|Any CPU.ActiveCfg = Debug|Any CPU
		{E5710608-63A5-479E-8E2C-D719F447D7AB}.Debug|Any CPU.Build.0 = Debug|Any CPU
		{E5710608-63A5-479E-8E2C-D719F447D7AB}.Debug|x64.ActiveCfg = Debug|Any CPU
		{E5710608-63A5-479E-8E2C-D719F447D7AB}.Debug|x64.Build.0 = Debug|Any CPU
		{E5710608-63A5-479E-8E2C-D719F447D7AB}.Debug|x86.ActiveCfg = Debug|Any CPU
		{E5710608-63A5-479E-8E2C-D719F447D7AB}.Debug|x86.Build.0 = Debug|Any CPU
		{E5710608-63A5-479E-8E2C-D719F447D7AB}.Release|Any CPU.ActiveCfg = Release|Any CPU
		{E5710608-63A5-479E-8E2C-D719F447D7AB}.Release|Any CPU.Build.0 = Release|Any CPU
		{E5710608-63A5-479E-8E2C-D719F447D7AB}.Release|x64.ActiveCfg = Release|Any CPU
		{E5710608-63A5-479E-8E2C-D719F447D7AB}.Release|x64.Build.0 = Release|Any CPU
		{E5710608-63A5-479E-8E2C-D719F447D7AB}.Release|x86.ActiveCfg = Release|Any CPU
		{E5710608-63A5-479E-8E2C-D719F447D7AB}.Release|x86.Build.0 = Release|Any CPU
		{3A9DE9ED-8A29-499B-8C6B-22A5B9911B26}.Debug|Any CPU.ActiveCfg = Debug|Any CPU
		{3A9DE9ED-8A29-499B-8C6B-22A5B9911B26}.Debug|Any CPU.Build.0 = Debug|Any CPU
		{3A9DE9ED-8A29-499B-8C6B-22A5B9911B26}.Debug|x64.ActiveCfg = Debug|Any CPU
		{3A9DE9ED-8A29-499B-8C6B-22A5B9911B26}.Debug|x64.Build.0 = Debug|Any CPU
		{3A9DE9ED-8A29-499B-8C6B-22A5B9911B26}.Debug|x86.ActiveCfg = Debug|Any CPU
		{3A9DE9ED-8A29-499B-8C6B-22A5B9911B26}.Debug|x86.Build.0 = Debug|Any CPU
		{3A9DE9ED-8A29-499B-8C6B-22A5B9911B26}.Release|Any CPU.ActiveCfg = Release|Any CPU
		{3A9DE9ED-8A29-499B-8C6B-22A5B9911B26}.Release|Any CPU.Build.0 = Release|Any CPU
		{3A9DE9ED-8A29-499B-8C6B-22A5B9911B26}.Release|x64.ActiveCfg = Release|Any CPU
		{3A9DE9ED-8A29-499B-8C6B-22A5B9911B26}.Release|x64.Build.0 = Release|Any CPU
		{3A9DE9ED-8A29-499B-8C6B-22A5B9911B26}.Release|x86.ActiveCfg = Release|Any CPU
		{3A9DE9ED-8A29-499B-8C6B-22A5B9911B26}.Release|x86.Build.0 = Release|Any CPU
		{63CD3CD9-7C61-48E0-A344-ADA0AB3234FF}.Debug|Any CPU.ActiveCfg = Debug|Any CPU
		{63CD3CD9-7C61-48E0-A344-ADA0AB3234FF}.Debug|Any CPU.Build.0 = Debug|Any CPU
		{63CD3CD9-7C61-48E0-A344-ADA0AB3234FF}.Debug|x64.ActiveCfg = Debug|Any CPU
		{63CD3CD9-7C61-48E0-A344-ADA0AB3234FF}.Debug|x64.Build.0 = Debug|Any CPU
		{63CD3CD9-7C61-48E0-A344-ADA0AB3234FF}.Debug|x86.ActiveCfg = Debug|Any CPU
		{63CD3CD9-7C61-48E0-A344-ADA0AB3234FF}.Debug|x86.Build.0 = Debug|Any CPU
		{63CD3CD9-7C61-48E0-A344-ADA0AB3234FF}.Release|Any CPU.ActiveCfg = Release|Any CPU
		{63CD3CD9-7C61-48E0-A344-ADA0AB3234FF}.Release|Any CPU.Build.0 = Release|Any CPU
		{63CD3CD9-7C61-48E0-A344-ADA0AB3234FF}.Release|x64.ActiveCfg = Release|Any CPU
		{63CD3CD9-7C61-48E0-A344-ADA0AB3234FF}.Release|x64.Build.0 = Release|Any CPU
		{63CD3CD9-7C61-48E0-A344-ADA0AB3234FF}.Release|x86.ActiveCfg = Release|Any CPU
		{63CD3CD9-7C61-48E0-A344-ADA0AB3234FF}.Release|x86.Build.0 = Release|Any CPU
		{807B09C5-5F3D-480F-B042-673F88F32D78}.Debug|Any CPU.ActiveCfg = Debug|Any CPU
		{807B09C5-5F3D-480F-B042-673F88F32D78}.Debug|Any CPU.Build.0 = Debug|Any CPU
		{807B09C5-5F3D-480F-B042-673F88F32D78}.Debug|x64.ActiveCfg = Debug|Any CPU
		{807B09C5-5F3D-480F-B042-673F88F32D78}.Debug|x64.Build.0 = Debug|Any CPU
		{807B09C5-5F3D-480F-B042-673F88F32D78}.Debug|x86.ActiveCfg = Debug|Any CPU
		{807B09C5-5F3D-480F-B042-673F88F32D78}.Debug|x86.Build.0 = Debug|Any CPU
		{807B09C5-5F3D-480F-B042-673F88F32D78}.Release|Any CPU.ActiveCfg = Release|Any CPU
		{807B09C5-5F3D-480F-B042-673F88F32D78}.Release|Any CPU.Build.0 = Release|Any CPU
		{807B09C5-5F3D-480F-B042-673F88F32D78}.Release|x64.ActiveCfg = Release|Any CPU
		{807B09C5-5F3D-480F-B042-673F88F32D78}.Release|x64.Build.0 = Release|Any CPU
		{807B09C5-5F3D-480F-B042-673F88F32D78}.Release|x86.ActiveCfg = Release|Any CPU
		{807B09C5-5F3D-480F-B042-673F88F32D78}.Release|x86.Build.0 = Release|Any CPU
		{6ECC0244-22FC-4FF1-8A06-6BBCCB3F4C71}.Debug|Any CPU.ActiveCfg = Debug|Any CPU
		{6ECC0244-22FC-4FF1-8A06-6BBCCB3F4C71}.Debug|Any CPU.Build.0 = Debug|Any CPU
		{6ECC0244-22FC-4FF1-8A06-6BBCCB3F4C71}.Debug|x64.ActiveCfg = Debug|Any CPU
		{6ECC0244-22FC-4FF1-8A06-6BBCCB3F4C71}.Debug|x64.Build.0 = Debug|Any CPU
		{6ECC0244-22FC-4FF1-8A06-6BBCCB3F4C71}.Debug|x86.ActiveCfg = Debug|Any CPU
		{6ECC0244-22FC-4FF1-8A06-6BBCCB3F4C71}.Debug|x86.Build.0 = Debug|Any CPU
		{6ECC0244-22FC-4FF1-8A06-6BBCCB3F4C71}.Release|Any CPU.ActiveCfg = Release|Any CPU
		{6ECC0244-22FC-4FF1-8A06-6BBCCB3F4C71}.Release|Any CPU.Build.0 = Release|Any CPU
		{6ECC0244-22FC-4FF1-8A06-6BBCCB3F4C71}.Release|x64.ActiveCfg = Release|Any CPU
		{6ECC0244-22FC-4FF1-8A06-6BBCCB3F4C71}.Release|x64.Build.0 = Release|Any CPU
		{6ECC0244-22FC-4FF1-8A06-6BBCCB3F4C71}.Release|x86.ActiveCfg = Release|Any CPU
		{6ECC0244-22FC-4FF1-8A06-6BBCCB3F4C71}.Release|x86.Build.0 = Release|Any CPU
		{00C04290-5F69-4CA5-80B4-BDDEE88D22CB}.Debug|Any CPU.ActiveCfg = Debug|Any CPU
		{00C04290-5F69-4CA5-80B4-BDDEE88D22CB}.Debug|Any CPU.Build.0 = Debug|Any CPU
		{00C04290-5F69-4CA5-80B4-BDDEE88D22CB}.Debug|x64.ActiveCfg = Debug|Any CPU
		{00C04290-5F69-4CA5-80B4-BDDEE88D22CB}.Debug|x64.Build.0 = Debug|Any CPU
		{00C04290-5F69-4CA5-80B4-BDDEE88D22CB}.Debug|x86.ActiveCfg = Debug|Any CPU
		{00C04290-5F69-4CA5-80B4-BDDEE88D22CB}.Debug|x86.Build.0 = Debug|Any CPU
		{00C04290-5F69-4CA5-80B4-BDDEE88D22CB}.Release|Any CPU.ActiveCfg = Release|Any CPU
		{00C04290-5F69-4CA5-80B4-BDDEE88D22CB}.Release|Any CPU.Build.0 = Release|Any CPU
		{00C04290-5F69-4CA5-80B4-BDDEE88D22CB}.Release|x64.ActiveCfg = Release|Any CPU
		{00C04290-5F69-4CA5-80B4-BDDEE88D22CB}.Release|x64.Build.0 = Release|Any CPU
		{00C04290-5F69-4CA5-80B4-BDDEE88D22CB}.Release|x86.ActiveCfg = Release|Any CPU
		{00C04290-5F69-4CA5-80B4-BDDEE88D22CB}.Release|x86.Build.0 = Release|Any CPU
	EndGlobalSection
	GlobalSection(SolutionProperties) = preSolution
		HideSolutionNode = FALSE
	EndGlobalSection
EndGlobal
